version = 1
revision = 3
requires-python = ">=3.10, <4"

[[package]]
name = "apscheduler"
version = "3.10.4"
source = { registry = "https://pypi.org/simple" }
dependencies = [
    { name = "pytz" },
    { name = "six" },
    { name = "tzlocal" },
]
sdist = { url = "https://files.pythonhosted.org/packages/5e/34/5dcb368cf89f93132d9a31bd3747962a9dc874480e54333b0c09fa7d56ac/APScheduler-3.10.4.tar.gz", hash = "sha256:e6df071b27d9be898e486bc7940a7be50b4af2e9da7c08f0744a96d4bd4cef4a", size = 100832, upload-time = "2023-08-19T16:44:58.293Z" }
wheels = [
    { url = "https://files.pythonhosted.org/packages/13/b5/7af0cb920a476dccd612fbc9a21a3745fb29b1fcd74636078db8f7ba294c/APScheduler-3.10.4-py3-none-any.whl", hash = "sha256:fb91e8a768632a4756a585f79ec834e0e27aad5860bac7eaa523d9ccefd87661", size = 59303, upload-time = "2023-08-19T16:44:56.814Z" },
]

[[package]]
name = "blurhash"
version = "1.1.4"
source = { registry = "https://pypi.org/simple" }
sdist = { url = "https://files.pythonhosted.org/packages/02/96/363eae896ec6a699dfc63f19f9b857c09294fe4d791198f002baa495fc4e/blurhash-1.1.4.tar.gz", hash = "sha256:da56b163e5a816e4ad07172f5639287698e09d7f3dc38d18d9726d9c1dbc4cee", size = 4738, upload-time = "2019-10-11T19:02:28.868Z" }
wheels = [
    { url = "https://files.pythonhosted.org/packages/80/08/163cb166a2464223a5eb8890a92cc1cf7e8c7c79a2c75e497e3d8f3a4711/blurhash-1.1.4-py2.py3-none-any.whl", hash = "sha256:7611c1bc41383d2349b6129208587b5d61e8792ce953893cb49c38beeb400d1d", size = 5307, upload-time = "2019-10-11T19:02:27.484Z" },
]

[[package]]
name = "certifi"
version = "2023.11.17"
source = { registry = "https://pypi.org/simple" }
sdist = { url = "https://files.pythonhosted.org/packages/d4/91/c89518dd4fe1f3a4e3f6ab7ff23cb00ef2e8c9adf99dacc618ad5e068e28/certifi-2023.11.17.tar.gz", hash = "sha256:9b469f3a900bf28dc19b8cfbf8019bf47f7fdd1a65a1d4ffb98fc14166beb4d1", size = 163637, upload-time = "2023-11-18T02:54:02.397Z" }
wheels = [
    { url = "https://files.pythonhosted.org/packages/64/62/428ef076be88fa93716b576e4a01f919d25968913e817077a386fcbe4f42/certifi-2023.11.17-py3-none-any.whl", hash = "sha256:e036ab49d5b79556f99cfc2d9320b34cfbe5be05c5871b51de9329f0603b0474", size = 162530, upload-time = "2023-11-18T02:54:00.083Z" },
]

[[package]]
name = "charset-normalizer"
version = "3.3.2"
source = { registry = "https://pypi.org/simple" }
sdist = { url = "https://files.pythonhosted.org/packages/63/09/c1bc53dab74b1816a00d8d030de5bf98f724c52c1635e07681d312f20be8/charset-normalizer-3.3.2.tar.gz", hash = "sha256:f30c3cb33b24454a82faecaf01b19c18562b1e89558fb6c56de4d9118a032fd5", size = 104809, upload-time = "2023-11-01T04:04:59.997Z" }
wheels = [
    { url = "https://files.pythonhosted.org/packages/2b/61/095a0aa1a84d1481998b534177c8566fdc50bb1233ea9a0478cd3cc075bd/charset_normalizer-3.3.2-cp310-cp310-macosx_10_9_universal2.whl", hash = "sha256:25baf083bf6f6b341f4121c2f3c548875ee6f5339300e08be3f2b2ba1721cdd3", size = 194219, upload-time = "2023-11-01T04:02:29.048Z" },
    { url = "https://files.pythonhosted.org/packages/cc/94/f7cf5e5134175de79ad2059edf2adce18e0685ebdb9227ff0139975d0e93/charset_normalizer-3.3.2-cp310-cp310-macosx_10_9_x86_64.whl", hash = "sha256:06435b539f889b1f6f4ac1758871aae42dc3a8c0e24ac9e60c2384973ad73027", size = 122521, upload-time = "2023-11-01T04:02:32.452Z" },
    { url = "https://files.pythonhosted.org/packages/46/6a/d5c26c41c49b546860cc1acabdddf48b0b3fb2685f4f5617ac59261b44ae/charset_normalizer-3.3.2-cp310-cp310-macosx_11_0_arm64.whl", hash = "sha256:9063e24fdb1e498ab71cb7419e24622516c4a04476b17a2dab57e8baa30d6e03", size = 120383, upload-time = "2023-11-01T04:02:34.11Z" },
    { url = "https://files.pythonhosted.org/packages/b8/60/e2f67915a51be59d4539ed189eb0a2b0d292bf79270410746becb32bc2c3/charset_normalizer-3.3.2-cp310-cp310-manylinux_2_17_aarch64.manylinux2014_aarch64.whl", hash = "sha256:6897af51655e3691ff853668779c7bad41579facacf5fd7253b0133308cf000d", size = 138223, upload-time = "2023-11-01T04:02:36.213Z" },
    { url = "https://files.pythonhosted.org/packages/05/8c/eb854996d5fef5e4f33ad56927ad053d04dc820e4a3d39023f35cad72617/charset_normalizer-3.3.2-cp310-cp310-manylinux_2_17_ppc64le.manylinux2014_ppc64le.whl", hash = "sha256:1d3193f4a680c64b4b6a9115943538edb896edc190f0b222e73761716519268e", size = 148101, upload-time = "2023-11-01T04:02:38.067Z" },
    { url = "https://files.pythonhosted.org/packages/f6/93/bb6cbeec3bf9da9b2eba458c15966658d1daa8b982c642f81c93ad9b40e1/charset_normalizer-3.3.2-cp310-cp310-manylinux_2_17_s390x.manylinux2014_s390x.whl", hash = "sha256:cd70574b12bb8a4d2aaa0094515df2463cb429d8536cfb6c7ce983246983e5a6", size = 140699, upload-time = "2023-11-01T04:02:39.436Z" },
    { url = "https://files.pythonhosted.org/packages/da/f1/3702ba2a7470666a62fd81c58a4c40be00670e5006a67f4d626e57f013ae/charset_normalizer-3.3.2-cp310-cp310-manylinux_2_17_x86_64.manylinux2014_x86_64.whl", hash = "sha256:8465322196c8b4d7ab6d1e049e4c5cb460d0394da4a27d23cc242fbf0034b6b5", size = 142065, upload-time = "2023-11-01T04:02:41.357Z" },
    { url = "https://files.pythonhosted.org/packages/3f/ba/3f5e7be00b215fa10e13d64b1f6237eb6ebea66676a41b2bcdd09fe74323/charset_normalizer-3.3.2-cp310-cp310-manylinux_2_5_i686.manylinux1_i686.manylinux_2_17_i686.manylinux2014_i686.whl", hash = "sha256:a9a8e9031d613fd2009c182b69c7b2c1ef8239a0efb1df3f7c8da66d5dd3d537", size = 144505, upload-time = "2023-11-01T04:02:43.108Z" },
    { url = "https://files.pythonhosted.org/packages/33/c3/3b96a435c5109dd5b6adc8a59ba1d678b302a97938f032e3770cc84cd354/charset_normalizer-3.3.2-cp310-cp310-musllinux_1_1_aarch64.whl", hash = "sha256:beb58fe5cdb101e3a055192ac291b7a21e3b7ef4f67fa1d74e331a7f2124341c", size = 139425, upload-time = "2023-11-01T04:02:45.427Z" },
    { url = "https://files.pythonhosted.org/packages/43/05/3bf613e719efe68fb3a77f9c536a389f35b95d75424b96b426a47a45ef1d/charset_normalizer-3.3.2-cp310-cp310-musllinux_1_1_i686.whl", hash = "sha256:e06ed3eb3218bc64786f7db41917d4e686cc4856944f53d5bdf83a6884432e12", size = 145287, upload-time = "2023-11-01T04:02:46.705Z" },
    { url = "https://files.pythonhosted.org/packages/58/78/a0bc646900994df12e07b4ae5c713f2b3e5998f58b9d3720cce2aa45652f/charset_normalizer-3.3.2-cp310-cp310-musllinux_1_1_ppc64le.whl", hash = "sha256:2e81c7b9c8979ce92ed306c249d46894776a909505d8f5a4ba55b14206e3222f", size = 149929, upload-time = "2023-11-01T04:02:48.098Z" },
    { url = "https://files.pythonhosted.org/packages/eb/5c/97d97248af4920bc68687d9c3b3c0f47c910e21a8ff80af4565a576bd2f0/charset_normalizer-3.3.2-cp310-cp310-musllinux_1_1_s390x.whl", hash = "sha256:572c3763a264ba47b3cf708a44ce965d98555f618ca42c926a9c1616d8f34269", size = 141605, upload-time = "2023-11-01T04:02:49.605Z" },
    { url = "https://files.pythonhosted.org/packages/a8/31/47d018ef89f95b8aded95c589a77c072c55e94b50a41aa99c0a2008a45a4/charset_normalizer-3.3.2-cp310-cp310-musllinux_1_1_x86_64.whl", hash = "sha256:fd1abc0d89e30cc4e02e4064dc67fcc51bd941eb395c502aac3ec19fab46b519", size = 142646, upload-time = "2023-11-01T04:02:51.35Z" },
    { url = "https://files.pythonhosted.org/packages/ae/d5/4fecf1d58bedb1340a50f165ba1c7ddc0400252d6832ff619c4568b36cc0/charset_normalizer-3.3.2-cp310-cp310-win32.whl", hash = "sha256:3d47fa203a7bd9c5b6cee4736ee84ca03b8ef23193c0d1ca99b5089f72645c73", size = 92846, upload-time = "2023-11-01T04:02:52.679Z" },
    { url = "https://files.pythonhosted.org/packages/a2/a0/4af29e22cb5942488cf45630cbdd7cefd908768e69bdd90280842e4e8529/charset_normalizer-3.3.2-cp310-cp310-win_amd64.whl", hash = "sha256:10955842570876604d404661fbccbc9c7e684caf432c09c715ec38fbae45ae09", size = 100343, upload-time = "2023-11-01T04:02:53.915Z" },
    { url = "https://files.pythonhosted.org/packages/68/77/02839016f6fbbf808e8b38601df6e0e66c17bbab76dff4613f7511413597/charset_normalizer-3.3.2-cp311-cp311-macosx_10_9_universal2.whl", hash = "sha256:802fe99cca7457642125a8a88a084cef28ff0cf9407060f7b93dca5aa25480db", size = 191647, upload-time = "2023-11-01T04:02:55.329Z" },
    { url = "https://files.pythonhosted.org/packages/3e/33/21a875a61057165e92227466e54ee076b73af1e21fe1b31f1e292251aa1e/charset_normalizer-3.3.2-cp311-cp311-macosx_10_9_x86_64.whl", hash = "sha256:573f6eac48f4769d667c4442081b1794f52919e7edada77495aaed9236d13a96", size = 121434, upload-time = "2023-11-01T04:02:57.173Z" },
    { url = "https://files.pythonhosted.org/packages/dd/51/68b61b90b24ca35495956b718f35a9756ef7d3dd4b3c1508056fa98d1a1b/charset_normalizer-3.3.2-cp311-cp311-macosx_11_0_arm64.whl", hash = "sha256:549a3a73da901d5bc3ce8d24e0600d1fa85524c10287f6004fbab87672bf3e1e", size = 118979, upload-time = "2023-11-01T04:02:58.442Z" },
    { url = "https://files.pythonhosted.org/packages/e4/a6/7ee57823d46331ddc37dd00749c95b0edec2c79b15fc0d6e6efb532e89ac/charset_normalizer-3.3.2-cp311-cp311-manylinux_2_17_aarch64.manylinux2014_aarch64.whl", hash = "sha256:f27273b60488abe721a075bcca6d7f3964f9f6f067c8c4c605743023d7d3944f", size = 136582, upload-time = "2023-11-01T04:02:59.776Z" },
    { url = "https://files.pythonhosted.org/packages/74/f1/0d9fe69ac441467b737ba7f48c68241487df2f4522dd7246d9426e7c690e/charset_normalizer-3.3.2-cp311-cp311-manylinux_2_17_ppc64le.manylinux2014_ppc64le.whl", hash = "sha256:1ceae2f17a9c33cb48e3263960dc5fc8005351ee19db217e9b1bb15d28c02574", size = 146645, upload-time = "2023-11-01T04:03:02.186Z" },
    { url = "https://files.pythonhosted.org/packages/05/31/e1f51c76db7be1d4aef220d29fbfa5dbb4a99165d9833dcbf166753b6dc0/charset_normalizer-3.3.2-cp311-cp311-manylinux_2_17_s390x.manylinux2014_s390x.whl", hash = "sha256:65f6f63034100ead094b8744b3b97965785388f308a64cf8d7c34f2f2e5be0c4", size = 139398, upload-time = "2023-11-01T04:03:04.255Z" },
    { url = "https://files.pythonhosted.org/packages/40/26/f35951c45070edc957ba40a5b1db3cf60a9dbb1b350c2d5bef03e01e61de/charset_normalizer-3.3.2-cp311-cp311-manylinux_2_17_x86_64.manylinux2014_x86_64.whl", hash = "sha256:753f10e867343b4511128c6ed8c82f7bec3bd026875576dfd88483c5c73b2fd8", size = 140273, upload-time = "2023-11-01T04:03:05.983Z" },
    { url = "https://files.pythonhosted.org/packages/07/07/7e554f2bbce3295e191f7e653ff15d55309a9ca40d0362fcdab36f01063c/charset_normalizer-3.3.2-cp311-cp311-manylinux_2_5_i686.manylinux1_i686.manylinux_2_17_i686.manylinux2014_i686.whl", hash = "sha256:4a78b2b446bd7c934f5dcedc588903fb2f5eec172f3d29e52a9096a43722adfc", size = 142577, upload-time = "2023-11-01T04:03:07.567Z" },
    { url = "https://files.pythonhosted.org/packages/d8/b5/eb705c313100defa57da79277d9207dc8d8e45931035862fa64b625bfead/charset_normalizer-3.3.2-cp311-cp311-musllinux_1_1_aarch64.whl", hash = "sha256:e537484df0d8f426ce2afb2d0f8e1c3d0b114b83f8850e5f2fbea0e797bd82ae", size = 137747, upload-time = "2023-11-01T04:03:08.886Z" },
    { url = "https://files.pythonhosted.org/packages/19/28/573147271fd041d351b438a5665be8223f1dd92f273713cb882ddafe214c/charset_normalizer-3.3.2-cp311-cp311-musllinux_1_1_i686.whl", hash = "sha256:eb6904c354526e758fda7167b33005998fb68c46fbc10e013ca97f21ca5c8887", size = 143375, upload-time = "2023-11-01T04:03:10.613Z" },
    { url = "https://files.pythonhosted.org/packages/cf/7c/f3b682fa053cc21373c9a839e6beba7705857075686a05c72e0f8c4980ca/charset_normalizer-3.3.2-cp311-cp311-musllinux_1_1_ppc64le.whl", hash = "sha256:deb6be0ac38ece9ba87dea880e438f25ca3eddfac8b002a2ec3d9183a454e8ae", size = 148474, upload-time = "2023-11-01T04:03:11.973Z" },
    { url = "https://files.pythonhosted.org/packages/1e/49/7ab74d4ac537ece3bc3334ee08645e231f39f7d6df6347b29a74b0537103/charset_normalizer-3.3.2-cp311-cp311-musllinux_1_1_s390x.whl", hash = "sha256:4ab2fe47fae9e0f9dee8c04187ce5d09f48eabe611be8259444906793ab7cbce", size = 140232, upload-time = "2023-11-01T04:03:13.505Z" },
    { url = "https://files.pythonhosted.org/packages/2d/dc/9dacba68c9ac0ae781d40e1a0c0058e26302ea0660e574ddf6797a0347f7/charset_normalizer-3.3.2-cp311-cp311-musllinux_1_1_x86_64.whl", hash = "sha256:80402cd6ee291dcb72644d6eac93785fe2c8b9cb30893c1af5b8fdd753b9d40f", size = 140859, upload-time = "2023-11-01T04:03:17.362Z" },
    { url = "https://files.pythonhosted.org/packages/6c/c2/4a583f800c0708dd22096298e49f887b49d9746d0e78bfc1d7e29816614c/charset_normalizer-3.3.2-cp311-cp311-win32.whl", hash = "sha256:7cd13a2e3ddeed6913a65e66e94b51d80a041145a026c27e6bb76c31a853c6ab", size = 92509, upload-time = "2023-11-01T04:03:21.453Z" },
    { url = "https://files.pythonhosted.org/packages/57/ec/80c8d48ac8b1741d5b963797b7c0c869335619e13d4744ca2f67fc11c6fc/charset_normalizer-3.3.2-cp311-cp311-win_amd64.whl", hash = "sha256:663946639d296df6a2bb2aa51b60a2454ca1cb29835324c640dafb5ff2131a77", size = 99870, upload-time = "2023-11-01T04:03:22.723Z" },
    { url = "https://files.pythonhosted.org/packages/d1/b2/fcedc8255ec42afee97f9e6f0145c734bbe104aac28300214593eb326f1d/charset_normalizer-3.3.2-cp312-cp312-macosx_10_9_universal2.whl", hash = "sha256:0b2b64d2bb6d3fb9112bafa732def486049e63de9618b5843bcdd081d8144cd8", size = 192892, upload-time = "2023-11-01T04:03:24.135Z" },
    { url = "https://files.pythonhosted.org/packages/2e/7d/2259318c202f3d17f3fe6438149b3b9e706d1070fe3fcbb28049730bb25c/charset_normalizer-3.3.2-cp312-cp312-macosx_10_9_x86_64.whl", hash = "sha256:ddbb2551d7e0102e7252db79ba445cdab71b26640817ab1e3e3648dad515003b", size = 122213, upload-time = "2023-11-01T04:03:25.66Z" },
    { url = "https://files.pythonhosted.org/packages/3a/52/9f9d17c3b54dc238de384c4cb5a2ef0e27985b42a0e5cc8e8a31d918d48d/charset_normalizer-3.3.2-cp312-cp312-macosx_11_0_arm64.whl", hash = "sha256:55086ee1064215781fff39a1af09518bc9255b50d6333f2e4c74ca09fac6a8f6", size = 119404, upload-time = "2023-11-01T04:03:27.04Z" },
    { url = "https://files.pythonhosted.org/packages/99/b0/9c365f6d79a9f0f3c379ddb40a256a67aa69c59609608fe7feb6235896e1/charset_normalizer-3.3.2-cp312-cp312-manylinux_2_17_aarch64.manylinux2014_aarch64.whl", hash = "sha256:8f4a014bc36d3c57402e2977dada34f9c12300af536839dc38c0beab8878f38a", size = 137275, upload-time = "2023-11-01T04:03:28.466Z" },
    { url = "https://files.pythonhosted.org/packages/91/33/749df346e93d7a30cdcb90cbfdd41a06026317bfbfb62cd68307c1a3c543/charset_normalizer-3.3.2-cp312-cp312-manylinux_2_17_ppc64le.manylinux2014_ppc64le.whl", hash = "sha256:a10af20b82360ab00827f916a6058451b723b4e65030c5a18577c8b2de5b3389", size = 147518, upload-time = "2023-11-01T04:03:29.82Z" },
    { url = "https://files.pythonhosted.org/packages/72/1a/641d5c9f59e6af4c7b53da463d07600a695b9824e20849cb6eea8a627761/charset_normalizer-3.3.2-cp312-cp312-manylinux_2_17_s390x.manylinux2014_s390x.whl", hash = "sha256:8d756e44e94489e49571086ef83b2bb8ce311e730092d2c34ca8f7d925cb20aa", size = 140182, upload-time = "2023-11-01T04:03:31.511Z" },
    { url = "https://files.pythonhosted.org/packages/ee/fb/14d30eb4956408ee3ae09ad34299131fb383c47df355ddb428a7331cfa1e/charset_normalizer-3.3.2-cp312-cp312-manylinux_2_17_x86_64.manylinux2014_x86_64.whl", hash = "sha256:90d558489962fd4918143277a773316e56c72da56ec7aa3dc3dbbe20fdfed15b", size = 141869, upload-time = "2023-11-01T04:03:32.887Z" },
    { url = "https://files.pythonhosted.org/packages/df/3e/a06b18788ca2eb6695c9b22325b6fde7dde0f1d1838b1792a0076f58fe9d/charset_normalizer-3.3.2-cp312-cp312-manylinux_2_5_i686.manylinux1_i686.manylinux_2_17_i686.manylinux2014_i686.whl", hash = "sha256:6ac7ffc7ad6d040517be39eb591cac5ff87416c2537df6ba3cba3bae290c0fed", size = 144042, upload-time = "2023-11-01T04:03:34.412Z" },
    { url = "https://files.pythonhosted.org/packages/45/59/3d27019d3b447a88fe7e7d004a1e04be220227760264cc41b405e863891b/charset_normalizer-3.3.2-cp312-cp312-musllinux_1_1_aarch64.whl", hash = "sha256:7ed9e526742851e8d5cc9e6cf41427dfc6068d4f5a3bb03659444b4cabf6bc26", size = 138275, upload-time = "2023-11-01T04:03:35.759Z" },
    { url = "https://files.pythonhosted.org/packages/7b/ef/5eb105530b4da8ae37d506ccfa25057961b7b63d581def6f99165ea89c7e/charset_normalizer-3.3.2-cp312-cp312-musllinux_1_1_i686.whl", hash = "sha256:8bdb58ff7ba23002a4c5808d608e4e6c687175724f54a5dade5fa8c67b604e4d", size = 144819, upload-time = "2023-11-01T04:03:37.216Z" },
    { url = "https://files.pythonhosted.org/packages/a2/51/e5023f937d7f307c948ed3e5c29c4b7a3e42ed2ee0b8cdf8f3a706089bf0/charset_normalizer-3.3.2-cp312-cp312-musllinux_1_1_ppc64le.whl", hash = "sha256:6b3251890fff30ee142c44144871185dbe13b11bab478a88887a639655be1068", size = 149415, upload-time = "2023-11-01T04:03:38.694Z" },
    { url = "https://files.pythonhosted.org/packages/24/9d/2e3ef673dfd5be0154b20363c5cdcc5606f35666544381bee15af3778239/charset_normalizer-3.3.2-cp312-cp312-musllinux_1_1_s390x.whl", hash = "sha256:b4a23f61ce87adf89be746c8a8974fe1c823c891d8f86eb218bb957c924bb143", size = 141212, upload-time = "2023-11-01T04:03:40.07Z" },
    { url = "https://files.pythonhosted.org/packages/5b/ae/ce2c12fcac59cb3860b2e2d76dc405253a4475436b1861d95fe75bdea520/charset_normalizer-3.3.2-cp312-cp312-musllinux_1_1_x86_64.whl", hash = "sha256:efcb3f6676480691518c177e3b465bcddf57cea040302f9f4e6e191af91174d4", size = 142167, upload-time = "2023-11-01T04:03:41.491Z" },
    { url = "https://files.pythonhosted.org/packages/ed/3a/a448bf035dce5da359daf9ae8a16b8a39623cc395a2ffb1620aa1bce62b0/charset_normalizer-3.3.2-cp312-cp312-win32.whl", hash = "sha256:d965bba47ddeec8cd560687584e88cf699fd28f192ceb452d1d7ee807c5597b7", size = 93041, upload-time = "2023-11-01T04:03:42.836Z" },
    { url = "https://files.pythonhosted.org/packages/b6/7c/8debebb4f90174074b827c63242c23851bdf00a532489fba57fef3416e40/charset_normalizer-3.3.2-cp312-cp312-win_amd64.whl", hash = "sha256:96b02a3dc4381e5494fad39be677abcb5e6634bf7b4fa83a6dd3112607547001", size = 100397, upload-time = "2023-11-01T04:03:44.467Z" },
    { url = "https://files.pythonhosted.org/packages/28/76/e6222113b83e3622caa4bb41032d0b1bf785250607392e1b778aca0b8a7d/charset_normalizer-3.3.2-py3-none-any.whl", hash = "sha256:3e4d1f6587322d2788836a99c69062fbb091331ec940e02d12d179c1d53e25fc", size = 48543, upload-time = "2023-11-01T04:04:58.622Z" },
]

[[package]]
name = "decorator"
version = "5.1.1"
source = { registry = "https://pypi.org/simple" }
sdist = { url = "https://files.pythonhosted.org/packages/66/0c/8d907af351aa16b42caae42f9d6aa37b900c67308052d10fdce809f8d952/decorator-5.1.1.tar.gz", hash = "sha256:637996211036b6385ef91435e4fae22989472f9d571faba8927ba8253acbc330", size = 35016, upload-time = "2022-01-07T08:20:05.666Z" }
wheels = [
    { url = "https://files.pythonhosted.org/packages/d5/50/83c593b07763e1161326b3b8c6686f0f4b0f24d5526546bee538c89837d6/decorator-5.1.1-py3-none-any.whl", hash = "sha256:b8c3f85900b9dc423225913c5aace94729fe1fa9763b38939a95226f02d37186", size = 9073, upload-time = "2022-01-07T08:20:03.734Z" },
]

[[package]]
name = "feedparser"
version = "6.0.11"
source = { registry = "https://pypi.org/simple" }
dependencies = [
    { name = "sgmllib3k" },
]
sdist = { url = "https://files.pythonhosted.org/packages/ff/aa/7af346ebeb42a76bf108027fe7f3328bb4e57a3a96e53e21fd9ef9dd6dd0/feedparser-6.0.11.tar.gz", hash = "sha256:c9d0407b64c6f2a065d0ebb292c2b35c01050cc0dc33757461aaabdc4c4184d5", size = 286197, upload-time = "2023-12-10T16:03:20.854Z" }
wheels = [
    { url = "https://files.pythonhosted.org/packages/7c/d4/8c31aad9cc18f451c49f7f9cfb5799dadffc88177f7917bc90a66459b1d7/feedparser-6.0.11-py3-none-any.whl", hash = "sha256:0be7ee7b395572b19ebeb1d6aafb0028dee11169f1c934e0ed67d54992f4ad45", size = 81343, upload-time = "2023-12-10T16:03:19.484Z" },
]

[[package]]
name = "flake8"
version = "6.1.0"
source = { registry = "https://pypi.org/simple" }
dependencies = [
    { name = "mccabe" },
    { name = "pycodestyle" },
    { name = "pyflakes" },
]
sdist = { url = "https://files.pythonhosted.org/packages/cf/f8/bbe24f43695c0c480181e39ce910c2650c794831886ec46ddd7c40520e6a/flake8-6.1.0.tar.gz", hash = "sha256:d5b3857f07c030bdb5bf41c7f53799571d75c4491748a3adcd47de929e34cd23", size = 48767, upload-time = "2023-07-29T19:05:05.665Z" }
wheels = [
    { url = "https://files.pythonhosted.org/packages/b0/24/bbf7175ffc47cb3d3e1eb523ddb23272968359dfcf2e1294707a2bf12fc4/flake8-6.1.0-py2.py3-none-any.whl", hash = "sha256:ffdfce58ea94c6580c77888a86506937f9a1a227dfcd15f245d694ae20a6b6e5", size = 58260, upload-time = "2023-07-29T19:05:02.783Z" },
]

[[package]]
name = "flake8-import-order"
version = "0.18.2"
source = { registry = "https://pypi.org/simple" }
dependencies = [
    { name = "pycodestyle" },
    { name = "setuptools" },
]
sdist = { url = "https://files.pythonhosted.org/packages/23/55/181d5e1b70ff1c7e1ee1d5e2247dfd53f1168fe706656f57e788aa1df2ab/flake8-import-order-0.18.2.tar.gz", hash = "sha256:e23941f892da3e0c09d711babbb0c73bc735242e9b216b726616758a920d900e", size = 21717, upload-time = "2022-11-26T20:14:25.869Z" }
wheels = [
    { url = "https://files.pythonhosted.org/packages/0c/52/9c5cb50a61f3d90f9d6c98ba67e3227f4057dc398cf664f3b56cb7c261f7/flake8_import_order-0.18.2-py2.py3-none-any.whl", hash = "sha256:82ed59f1083b629b030ee9d3928d9e06b6213eb196fe745b3a7d4af2168130df", size = 15971, upload-time = "2022-11-26T20:14:23.899Z" },
]

[[package]]
name = "idna"
version = "3.6"
source = { registry = "https://pypi.org/simple" }
sdist = { url = "https://files.pythonhosted.org/packages/bf/3f/ea4b9117521a1e9c50344b909be7886dd00a519552724809bb1f486986c2/idna-3.6.tar.gz", hash = "sha256:9ecdbbd083b06798ae1e86adcbfe8ab1479cf864e4ee30fe4e46a003d12491ca", size = 175426, upload-time = "2023-11-25T15:40:54.902Z" }
wheels = [
    { url = "https://files.pythonhosted.org/packages/c2/e7/a82b05cf63a603df6e68d59ae6a68bf5064484a0718ea5033660af4b54a9/idna-3.6-py3-none-any.whl", hash = "sha256:c05567e9c24a6b9faaa835c4821bad0590fbb9d5779e7caa6e1cc4978e7eb24f", size = 61567, upload-time = "2023-11-25T15:40:52.604Z" },
]

[[package]]
name = "jinja2"
version = "3.1.2"
source = { registry = "https://pypi.org/simple" }
dependencies = [
    { name = "markupsafe" },
]
sdist = { url = "https://files.pythonhosted.org/packages/7a/ff/75c28576a1d900e87eb6335b063fab47a8ef3c8b4d88524c4bf78f670cce/Jinja2-3.1.2.tar.gz", hash = "sha256:31351a702a408a9e7595a8fc6150fc3f43bb6bf7e319770cbc0db9df9437e852", size = 268239, upload-time = "2022-04-28T17:21:27.579Z" }
wheels = [
    { url = "https://files.pythonhosted.org/packages/bc/c3/f068337a370801f372f2f8f6bad74a5c140f6fda3d9de154052708dd3c65/Jinja2-3.1.2-py3-none-any.whl", hash = "sha256:6088930bfe239f0e6710546ab9c19c9ef35e29792895fed6e6e31a023a182a61", size = 133101, upload-time = "2022-04-28T17:21:25.336Z" },
]

[[package]]
name = "markupsafe"
version = "2.1.3"
source = { registry = "https://pypi.org/simple" }
sdist = { url = "https://files.pythonhosted.org/packages/6d/7c/59a3248f411813f8ccba92a55feaac4bf360d29e2ff05ee7d8e1ef2d7dbf/MarkupSafe-2.1.3.tar.gz", hash = "sha256:af598ed32d6ae86f1b747b82783958b1a4ab8f617b06fe68795c7f026abbdcad", size = 19132, upload-time = "2023-06-02T21:43:45.578Z" }
wheels = [
    { url = "https://files.pythonhosted.org/packages/20/1d/713d443799d935f4d26a4f1510c9e61b1d288592fb869845e5cc92a1e055/MarkupSafe-2.1.3-cp310-cp310-macosx_10_9_universal2.whl", hash = "sha256:cd0f502fe016460680cd20aaa5a76d241d6f35a1c3350c474bac1273803893fa", size = 17846, upload-time = "2023-06-02T21:42:33.954Z" },
    { url = "https://files.pythonhosted.org/packages/f7/9c/86cbd8e0e1d81f0ba420f20539dd459c50537c7751e28102dbfee2b6f28c/MarkupSafe-2.1.3-cp310-cp310-macosx_10_9_x86_64.whl", hash = "sha256:e09031c87a1e51556fdcb46e5bd4f59dfb743061cf93c4d6831bf894f125eb57", size = 13720, upload-time = "2023-06-02T21:42:35.102Z" },
    { url = "https://files.pythonhosted.org/packages/a6/56/f1d4ee39e898a9e63470cbb7fae1c58cce6874f25f54220b89213a47f273/MarkupSafe-2.1.3-cp310-cp310-manylinux_2_17_aarch64.manylinux2014_aarch64.whl", hash = "sha256:68e78619a61ecf91e76aa3e6e8e33fc4894a2bebe93410754bd28fce0a8a4f9f", size = 26498, upload-time = "2023-06-02T21:42:36.608Z" },
    { url = "https://files.pythonhosted.org/packages/12/b3/d9ed2c0971e1435b8a62354b18d3060b66c8cb1d368399ec0b9baa7c0ee5/MarkupSafe-2.1.3-cp310-cp310-manylinux_2_17_x86_64.manylinux2014_x86_64.whl", hash = "sha256:65c1a9bcdadc6c28eecee2c119465aebff8f7a584dd719facdd9e825ec61ab52", size = 25691, upload-time = "2023-06-02T21:42:37.778Z" },
    { url = "https://files.pythonhosted.org/packages/bf/b7/c5ba9b7ad9ad21fc4a60df226615cf43ead185d328b77b0327d603d00cc5/MarkupSafe-2.1.3-cp310-cp310-manylinux_2_5_i686.manylinux1_i686.manylinux_2_17_i686.manylinux2014_i686.whl", hash = "sha256:525808b8019e36eb524b8c68acdd63a37e75714eac50e988180b169d64480a00", size = 25366, upload-time = "2023-06-02T21:42:39.441Z" },
    { url = "https://files.pythonhosted.org/packages/71/61/f5673d7aac2cf7f203859008bb3fc2b25187aa330067c5e9955e5c5ebbab/MarkupSafe-2.1.3-cp310-cp310-musllinux_1_1_aarch64.whl", hash = "sha256:962f82a3086483f5e5f64dbad880d31038b698494799b097bc59c2edf392fce6", size = 30505, upload-time = "2023-06-02T21:42:41.088Z" },
    { url = "https://files.pythonhosted.org/packages/47/26/932140621773bfd4df3223fbdd9e78de3477f424f0d2987c313b1cb655ff/MarkupSafe-2.1.3-cp310-cp310-musllinux_1_1_i686.whl", hash = "sha256:aa7bd130efab1c280bed0f45501b7c8795f9fdbeb02e965371bbef3523627779", size = 29616, upload-time = "2023-06-02T21:42:42.273Z" },
    { url = "https://files.pythonhosted.org/packages/3c/c8/74d13c999cbb49e3460bf769025659a37ef4a8e884de629720ab4e42dcdb/MarkupSafe-2.1.3-cp310-cp310-musllinux_1_1_x86_64.whl", hash = "sha256:c9c804664ebe8f83a211cace637506669e7890fec1b4195b505c214e50dd4eb7", size = 29891, upload-time = "2023-06-02T21:42:43.635Z" },
    { url = "https://files.pythonhosted.org/packages/96/e4/4db3b1abc5a1fe7295aa0683eafd13832084509c3b8236f3faf8dd4eff75/MarkupSafe-2.1.3-cp310-cp310-win32.whl", hash = "sha256:10bbfe99883db80bdbaff2dcf681dfc6533a614f700da1287707e8a5d78a8431", size = 16525, upload-time = "2023-06-02T21:42:45.271Z" },
    { url = "https://files.pythonhosted.org/packages/84/a8/c4aebb8a14a1d39d5135eb8233a0b95831cdc42c4088358449c3ed657044/MarkupSafe-2.1.3-cp310-cp310-win_amd64.whl", hash = "sha256:1577735524cdad32f9f694208aa75e422adba74f1baee7551620e43a3141f559", size = 17083, upload-time = "2023-06-02T21:42:46.948Z" },
    { url = "https://files.pythonhosted.org/packages/fe/09/c31503cb8150cf688c1534a7135cc39bb9092f8e0e6369ec73494d16ee0e/MarkupSafe-2.1.3-cp311-cp311-macosx_10_9_universal2.whl", hash = "sha256:ad9e82fb8f09ade1c3e1b996a6337afac2b8b9e365f926f5a61aacc71adc5b3c", size = 17862, upload-time = "2023-06-02T21:42:48.569Z" },
    { url = "https://files.pythonhosted.org/packages/c0/c7/171f5ac6b065e1425e8fabf4a4dfbeca76fd8070072c6a41bd5c07d90d8b/MarkupSafe-2.1.3-cp311-cp311-macosx_10_9_x86_64.whl", hash = "sha256:3c0fae6c3be832a0a0473ac912810b2877c8cb9d76ca48de1ed31e1c68386575", size = 13738, upload-time = "2023-06-02T21:42:49.727Z" },
    { url = "https://files.pythonhosted.org/packages/a2/f7/9175ad1b8152092f7c3b78c513c1bdfe9287e0564447d1c2d3d1a2471540/MarkupSafe-2.1.3-cp311-cp311-manylinux_2_17_aarch64.manylinux2014_aarch64.whl", hash = "sha256:b076b6226fb84157e3f7c971a47ff3a679d837cf338547532ab866c57930dbee", size = 28891, upload-time = "2023-06-02T21:42:51.33Z" },
    { url = "https://files.pythonhosted.org/packages/fe/21/2eff1de472ca6c99ec3993eab11308787b9879af9ca8bbceb4868cf4f2ca/MarkupSafe-2.1.3-cp311-cp311-manylinux_2_17_x86_64.manylinux2014_x86_64.whl", hash = "sha256:bfce63a9e7834b12b87c64d6b155fdd9b3b96191b6bd334bf37db7ff1fe457f2", size = 28096, upload-time = "2023-06-02T21:42:52.966Z" },
    { url = "https://files.pythonhosted.org/packages/f4/a0/103f94793c3bf829a18d2415117334ece115aeca56f2df1c47fa02c6dbd6/MarkupSafe-2.1.3-cp311-cp311-manylinux_2_5_i686.manylinux1_i686.manylinux_2_17_i686.manylinux2014_i686.whl", hash = "sha256:338ae27d6b8745585f87218a3f23f1512dbf52c26c28e322dbe54bcede54ccb9", size = 27631, upload-time = "2023-06-02T21:42:54.518Z" },
    { url = "https://files.pythonhosted.org/packages/43/70/f24470f33b2035b035ef0c0ffebf57006beb2272cf3df068fc5154e04ead/MarkupSafe-2.1.3-cp311-cp311-musllinux_1_1_aarch64.whl", hash = "sha256:e4dd52d80b8c83fdce44e12478ad2e85c64ea965e75d66dbeafb0a3e77308fcc", size = 33863, upload-time = "2023-06-02T21:42:55.777Z" },
    { url = "https://files.pythonhosted.org/packages/32/d4/ce98c4ca713d91c4a17c1a184785cc00b9e9c25699d618956c2b9999500a/MarkupSafe-2.1.3-cp311-cp311-musllinux_1_1_i686.whl", hash = "sha256:df0be2b576a7abbf737b1575f048c23fb1d769f267ec4358296f31c2479db8f9", size = 32591, upload-time = "2023-06-02T21:42:57.415Z" },
    { url = "https://files.pythonhosted.org/packages/bb/82/f88ccb3ca6204a4536cf7af5abdad7c3657adac06ab33699aa67279e0744/MarkupSafe-2.1.3-cp311-cp311-musllinux_1_1_x86_64.whl", hash = "sha256:5bbe06f8eeafd38e5d0a4894ffec89378b6c6a625ff57e3028921f8ff59318ac", size = 33186, upload-time = "2023-06-02T21:42:59.107Z" },
    { url = "https://files.pythonhosted.org/packages/44/53/93405d37bb04a10c43b1bdd6f548097478d494d7eadb4b364e3e1337f0cc/MarkupSafe-2.1.3-cp311-cp311-win32.whl", hash = "sha256:dd15ff04ffd7e05ffcb7fe79f1b98041b8ea30ae9234aed2a9168b5797c3effb", size = 16537, upload-time = "2023-06-02T21:43:00.927Z" },
    { url = "https://files.pythonhosted.org/packages/be/bb/08b85bc194034efbf572e70c3951549c8eca0ada25363afc154386b5390a/MarkupSafe-2.1.3-cp311-cp311-win_amd64.whl", hash = "sha256:134da1eca9ec0ae528110ccc9e48041e0828d79f24121a1a146161103c76e686", size = 17089, upload-time = "2023-06-02T21:43:02.355Z" },
    { url = "https://files.pythonhosted.org/packages/89/5a/ee546f2aa73a1d6fcfa24272f356fe06d29acca81e76b8d32ca53e429a2e/MarkupSafe-2.1.3-cp312-cp312-macosx_10_9_universal2.whl", hash = "sha256:f698de3fd0c4e6972b92290a45bd9b1536bffe8c6759c62471efaa8acb4c37bc", size = 17849, upload-time = "2023-09-07T16:00:43.795Z" },
    { url = "https://files.pythonhosted.org/packages/3a/72/9f683a059bde096776e8acf9aa34cbbba21ddc399861fe3953790d4f2cde/MarkupSafe-2.1.3-cp312-cp312-macosx_10_9_x86_64.whl", hash = "sha256:aa57bd9cf8ae831a362185ee444e15a93ecb2e344c8e52e4d721ea3ab6ef1823", size = 13700, upload-time = "2023-09-07T16:00:45.384Z" },
    { url = "https://files.pythonhosted.org/packages/9d/78/92f15eb9b1e8f1668a9787ba103cf6f8d19a9efed8150245404836145c24/MarkupSafe-2.1.3-cp312-cp312-manylinux_2_17_aarch64.manylinux2014_aarch64.whl", hash = "sha256:ffcc3f7c66b5f5b7931a5aa68fc9cecc51e685ef90282f4a82f0f5e9b704ad11", size = 29319, upload-time = "2023-09-07T16:00:46.48Z" },
    { url = "https://files.pythonhosted.org/packages/51/94/9a04085114ff2c24f7424dbc890a281d73c5a74ea935dc2e69c66a3bd558/MarkupSafe-2.1.3-cp312-cp312-manylinux_2_17_x86_64.manylinux2014_x86_64.whl", hash = "sha256:47d4f1c5f80fc62fdd7777d0d40a2e9dda0a05883ab11374334f6c4de38adffd", size = 28314, upload-time = "2023-09-07T16:00:47.64Z" },
    { url = "https://files.pythonhosted.org/packages/ec/53/fcb3214bd370185e223b209ce6bb010fb887ea57173ca4f75bd211b24e10/MarkupSafe-2.1.3-cp312-cp312-manylinux_2_5_i686.manylinux1_i686.manylinux_2_17_i686.manylinux2014_i686.whl", hash = "sha256:1f67c7038d560d92149c060157d623c542173016c4babc0c1913cca0564b9939", size = 27696, upload-time = "2023-09-07T16:00:48.92Z" },
    { url = "https://files.pythonhosted.org/packages/e7/33/54d29854716725d7826079b8984dd235fac76dab1c32321e555d493e61f5/MarkupSafe-2.1.3-cp312-cp312-musllinux_1_1_aarch64.whl", hash = "sha256:9aad3c1755095ce347e26488214ef77e0485a3c34a50c5a5e2471dff60b9dd9c", size = 33746, upload-time = "2023-09-07T16:00:50.081Z" },
    { url = "https://files.pythonhosted.org/packages/11/40/ea7f85e2681d29bc9301c757257de561923924f24de1802d9c3baa396bb4/MarkupSafe-2.1.3-cp312-cp312-musllinux_1_1_i686.whl", hash = "sha256:14ff806850827afd6b07a5f32bd917fb7f45b046ba40c57abdb636674a8b559c", size = 32131, upload-time = "2023-09-07T16:00:51.822Z" },
    { url = "https://files.pythonhosted.org/packages/41/f1/bc770c37ecd58638c18f8ec85df205dacb818ccf933692082fd93010a4bc/MarkupSafe-2.1.3-cp312-cp312-musllinux_1_1_x86_64.whl", hash = "sha256:8f9293864fe09b8149f0cc42ce56e3f0e54de883a9de90cd427f191c346eb2e1", size = 32878, upload-time = "2023-09-07T16:00:53.575Z" },
    { url = "https://files.pythonhosted.org/packages/49/74/bf95630aab0a9ed6a67556cd4e54f6aeb0e74f4cb0fd2f229154873a4be4/MarkupSafe-2.1.3-cp312-cp312-win32.whl", hash = "sha256:715d3562f79d540f251b99ebd6d8baa547118974341db04f5ad06d5ea3eb8007", size = 16426, upload-time = "2023-09-07T16:00:55.987Z" },
    { url = "https://files.pythonhosted.org/packages/44/44/dbaf65876e258facd65f586dde158387ab89963e7f2235551afc9c2e24c2/MarkupSafe-2.1.3-cp312-cp312-win_amd64.whl", hash = "sha256:1b8dd8c3fd14349433c79fa8abeb573a55fc0fdd769133baac1f5e07abf54aeb", size = 16979, upload-time = "2023-09-07T16:00:57.77Z" },
]

[[package]]
name = "mastodon-py"
version = "1.8.1"
source = { registry = "https://pypi.org/simple" }
dependencies = [
    { name = "blurhash" },
    { name = "decorator" },
    { name = "python-dateutil" },
    { name = "python-magic", marker = "sys_platform != 'win32'" },
    { name = "python-magic-bin", marker = "sys_platform == 'win32'" },
    { name = "requests" },
    { name = "six" },
]
sdist = { url = "https://files.pythonhosted.org/packages/cc/7a/240ac474f69a58a5dda0513557fe9c2ada279f7d5d836b93d5f6e05a9aa7/Mastodon.py-1.8.1.tar.gz", hash = "sha256:4a64cb94abadd6add73e4b8eafdb5c466048fa5f638284fd2189034104d4687e", size = 8694359, upload-time = "2023-04-23T18:34:51.648Z" }
wheels = [
    { url = "https://files.pythonhosted.org/packages/a0/52/a97c498fbb1fd73cee5fcd3f1979efac39784e3514c4014459f174e3f22a/Mastodon.py-1.8.1-py2.py3-none-any.whl", hash = "sha256:22bc7e060518ef2eaa69d911cde6e4baf56bed5ea0dd407392c49051a7ac526a", size = 65936, upload-time = "2023-04-23T18:34:47.077Z" },
]

[[package]]
name = "mccabe"
version = "0.7.0"
source = { registry = "https://pypi.org/simple" }
sdist = { url = "https://files.pythonhosted.org/packages/e7/ff/0ffefdcac38932a54d2b5eed4e0ba8a408f215002cd178ad1df0f2806ff8/mccabe-0.7.0.tar.gz", hash = "sha256:348e0240c33b60bbdf4e523192ef919f28cb2c3d7d5c7794f74009290f236325", size = 9658, upload-time = "2022-01-24T01:14:51.113Z" }
wheels = [
    { url = "https://files.pythonhosted.org/packages/27/1a/1f68f9ba0c207934b35b86a8ca3aad8395a3d6dd7921c0686e23853ff5a9/mccabe-0.7.0-py2.py3-none-any.whl", hash = "sha256:6c2d30ab6be0e4a46919781807b4f0d834ebdd6c6e3dca0bda5a15f863427b6e", size = 7350, upload-time = "2022-01-24T01:14:49.62Z" },
]

[[package]]
name = "nodeenv"
version = "1.8.0"
source = { registry = "https://pypi.org/simple" }
dependencies = [
    { name = "setuptools" },
]
sdist = { url = "https://files.pythonhosted.org/packages/48/92/8e83a37d3f4e73c157f9fcf9fb98ca39bd94701a469dc093b34dca31df65/nodeenv-1.8.0.tar.gz", hash = "sha256:d51e0c37e64fbf47d017feac3145cdbb58836d7eee8c6f6d3b6880c5456227d2", size = 36669, upload-time = "2023-05-12T08:10:14.224Z" }
wheels = [
    { url = "https://files.pythonhosted.org/packages/1a/e6/6d2ead760a9ddb35e65740fd5a57e46aadd7b0c49861ab24f94812797a1c/nodeenv-1.8.0-py2.py3-none-any.whl", hash = "sha256:df865724bb3c3adc86b3876fa209771517b0cfe596beff01a92700e0e8be4cec", size = 22136, upload-time = "2023-05-12T08:09:57.672Z" },
]

[[package]]
name = "pycodestyle"
version = "2.11.1"
source = { registry = "https://pypi.org/simple" }
sdist = { url = "https://files.pythonhosted.org/packages/34/8f/fa09ae2acc737b9507b5734a9aec9a2b35fa73409982f57db1b42f8c3c65/pycodestyle-2.11.1.tar.gz", hash = "sha256:41ba0e7afc9752dfb53ced5489e89f8186be00e599e712660695b7a75ff2663f", size = 38974, upload-time = "2023-10-12T23:39:39.762Z" }
wheels = [
    { url = "https://files.pythonhosted.org/packages/b1/90/a998c550d0ddd07e38605bb5c455d00fcc177a800ff9cc3dafdcb3dd7b56/pycodestyle-2.11.1-py2.py3-none-any.whl", hash = "sha256:44fe31000b2d866f2e41841b18528a505fbd7fef9017b04eff4e2648a0fadc67", size = 31132, upload-time = "2023-10-12T23:39:38.242Z" },
]

[[package]]
name = "pyflakes"
version = "3.1.0"
source = { registry = "https://pypi.org/simple" }
sdist = { url = "https://files.pythonhosted.org/packages/8b/fb/7251eaec19a055ec6aafb3d1395db7622348130d1b9b763f78567b2aab32/pyflakes-3.1.0.tar.gz", hash = "sha256:a0aae034c444db0071aa077972ba4768d40c830d9539fd45bf4cd3f8f6992efc", size = 63636, upload-time = "2023-07-29T17:00:41.482Z" }
wheels = [
    { url = "https://files.pythonhosted.org/packages/00/e9/1e1fd7fae559bfd07704991e9a59dd1349b72423c904256c073ce88a9940/pyflakes-3.1.0-py2.py3-none-any.whl", hash = "sha256:4132f6d49cb4dae6819e5379898f2b8cce3c5f23994194c24b77d5da2e36f774", size = 62616, upload-time = "2023-07-29T17:00:40.344Z" },
]

[[package]]
name = "pyright"
version = "1.1.344"
source = { registry = "https://pypi.org/simple" }
dependencies = [
    { name = "nodeenv" },
]
sdist = { url = "https://files.pythonhosted.org/packages/40/9e/e8e54e9dd3f1e63e8573d9a3830be06e904629bc15a90ca052532b2656f4/pyright-1.1.344.tar.gz", hash = "sha256:ab7c962f00dd8141a5a0192c1060fb34b92d1f9047ad70dda45229938051922b", size = 17486, upload-time = "2023-12-30T17:34:27.898Z" }
wheels = [
    { url = "https://files.pythonhosted.org/packages/91/37/a118d8cc0381363c1a7f511a9f640c60df13329d35b4ee42c79dd5c87736/pyright-1.1.344-py3-none-any.whl", hash = "sha256:ab7117a911ce25fcd317f42272579f9ae53a6abc8b8a15f6aa069a11281953ee", size = 18225, upload-time = "2023-12-30T17:34:25.129Z" },
]

[[package]]
name = "python-dateutil"
version = "2.8.2"
source = { registry = "https://pypi.org/simple" }
dependencies = [
    { name = "six" },
]
sdist = { url = "https://files.pythonhosted.org/packages/4c/c4/13b4776ea2d76c115c1d1b84579f3764ee6d57204f6be27119f13a61d0a9/python-dateutil-2.8.2.tar.gz", hash = "sha256:0123cacc1627ae19ddf3c27a5de5bd67ee4586fbdd6440d9748f8abb483d3e86", size = 357324, upload-time = "2021-07-14T08:19:19.783Z" }
wheels = [
    { url = "https://files.pythonhosted.org/packages/36/7a/87837f39d0296e723bb9b62bbb257d0355c7f6128853c78955f57342a56d/python_dateutil-2.8.2-py2.py3-none-any.whl", hash = "sha256:961d03dc3453ebbc59dbdea9e4e11c5651520a876d0f4db161e8674aae935da9", size = 247702, upload-time = "2021-07-14T08:19:18.161Z" },
]

[[package]]
name = "python-magic"
version = "0.4.27"
source = { registry = "https://pypi.org/simple" }
sdist = { url = "https://files.pythonhosted.org/packages/da/db/0b3e28ac047452d079d375ec6798bf76a036a08182dbb39ed38116a49130/python-magic-0.4.27.tar.gz", hash = "sha256:c1ba14b08e4a5f5c31a302b7721239695b2f0f058d125bd5ce1ee36b9d9d3c3b", size = 14677, upload-time = "2022-06-07T20:16:59.508Z" }
wheels = [
    { url = "https://files.pythonhosted.org/packages/6c/73/9f872cb81fc5c3bb48f7227872c28975f998f3e7c2b1c16e95e6432bbb90/python_magic-0.4.27-py2.py3-none-any.whl", hash = "sha256:c212960ad306f700aa0d01e5d7a325d20548ff97eb9920dcd29513174f0294d3", size = 13840, upload-time = "2022-06-07T20:16:57.763Z" },
]

[[package]]
name = "python-magic-bin"
version = "0.4.14"
source = { registry = "https://pypi.org/simple" }
wheels = [
    { url = "https://files.pythonhosted.org/packages/5a/5d/10b9ac745d9fd2f7151a2ab901e6bb6983dbd70e87c71111f54859d1ca2e/python_magic_bin-0.4.14-py2.py3-none-win32.whl", hash = "sha256:34a788c03adde7608028203e2dbb208f1f62225ad91518787ae26d603ae68892", size = 397784, upload-time = "2017-10-02T16:30:15.806Z" },
    { url = "https://files.pythonhosted.org/packages/07/c2/094e3d62b906d952537196603a23aec4bcd7c6126bf80eb14e6f9f4be3a2/python_magic_bin-0.4.14-py2.py3-none-win_amd64.whl", hash = "sha256:90be6206ad31071a36065a2fc169c5afb5e0355cbe6030e87641c6c62edc2b69", size = 409299, upload-time = "2017-10-02T16:30:18.545Z" },
]

[[package]]
name = "pytz"
version = "2023.3.post1"
source = { registry = "https://pypi.org/simple" }
sdist = { url = "https://files.pythonhosted.org/packages/69/4f/7bf883f12ad496ecc9514cd9e267b29a68b3e9629661a2bbc24f80eff168/pytz-2023.3.post1.tar.gz", hash = "sha256:7b4fddbeb94a1eba4b557da24f19fdf9db575192544270a9101d8509f9f43d7b", size = 316899, upload-time = "2023-09-05T01:56:58.535Z" }
wheels = [
    { url = "https://files.pythonhosted.org/packages/32/4d/aaf7eff5deb402fd9a24a1449a8119f00d74ae9c2efa79f8ef9994261fc2/pytz-2023.3.post1-py2.py3-none-any.whl", hash = "sha256:ce42d816b81b68506614c11e8937d3aa9e41007ceb50bfdcb0749b921bf646c7", size = 502454, upload-time = "2023-09-05T01:56:55.916Z" },
]

[[package]]
name = "requests"
version = "2.31.0"
source = { registry = "https://pypi.org/simple" }
dependencies = [
    { name = "certifi" },
    { name = "charset-normalizer" },
    { name = "idna" },
    { name = "urllib3" },
]
sdist = { url = "https://files.pythonhosted.org/packages/9d/be/10918a2eac4ae9f02f6cfe6414b7a155ccd8f7f9d4380d62fd5b955065c3/requests-2.31.0.tar.gz", hash = "sha256:942c5a758f98d790eaed1a29cb6eefc7ffb0d1cf7af05c3d2791656dbd6ad1e1", size = 110794, upload-time = "2023-05-22T15:12:44.175Z" }
wheels = [
    { url = "https://files.pythonhosted.org/packages/70/8e/0e2d847013cb52cd35b38c009bb167a1a26b2ce6cd6965bf26b47bc0bf44/requests-2.31.0-py3-none-any.whl", hash = "sha256:58cd2187c01e70e6e26505bca751777aa9f2ee0b7f4300988b709f44e013003f", size = 62574, upload-time = "2023-05-22T15:12:42.313Z" },
]

[[package]]
name = "rss2mastodon"
version = "0.1.0"
source = { editable = "." }
dependencies = [
    { name = "apscheduler" },
    { name = "feedparser" },
    { name = "jinja2" },
    { name = "mastodon-py" },
]

[package.dev-dependencies]
dev = [
    { name = "flake8" },
    { name = "flake8-import-order" },
    { name = "pyright" },
]

[package.metadata]
requires-dist = [
    { name = "apscheduler", specifier = ">=3.10.4,<4" },
    { name = "feedparser", specifier = ">=6.0.11,<7" },
    { name = "jinja2", specifier = ">=3.1.2,<4" },
    { name = "mastodon-py", specifier = ">=1.8.1,<2" },
]

[package.metadata.requires-dev]
dev = [
    { name = "flake8", specifier = ">=6.1.0,<7" },
    { name = "flake8-import-order", specifier = ">=0.18.2,<0.19" },
    { name = "pyright", specifier = ">=1.1.344,<2" },
]

[[package]]
name = "setuptools"
version = "69.0.3"
source = { registry = "https://pypi.org/simple" }
sdist = { url = "https://files.pythonhosted.org/packages/fc/c9/b146ca195403e0182a374e0ea4dbc69136bad3cd55bc293df496d625d0f7/setuptools-69.0.3.tar.gz", hash = "sha256:be1af57fc409f93647f2e8e4573a142ed38724b8cdd389706a867bb4efcf1e78", size = 2219609, upload-time = "2023-12-23T15:09:14.811Z" }
wheels = [
    { url = "https://files.pythonhosted.org/packages/55/3a/5121b58b578a598b269537e09a316ad2a94fdd561a2c6eb75cd68578cc6b/setuptools-69.0.3-py3-none-any.whl", hash = "sha256:385eb4edd9c9d5c17540511303e39a147ce2fc04bc55289c322b9e5904fe2c05", size = 819530, upload-time = "2023-12-23T15:09:09.719Z" },
]

[[package]]
name = "sgmllib3k"
version = "1.0.0"
source = { registry = "https://pypi.org/simple" }
sdist = { url = "https://files.pythonhosted.org/packages/9e/bd/3704a8c3e0942d711c1299ebf7b9091930adae6675d7c8f476a7ce48653c/sgmllib3k-1.0.0.tar.gz", hash = "sha256:7868fb1c8bfa764c1ac563d3cf369c381d1325d36124933a726f29fcdaa812e9", size = 5750, upload-time = "2010-08-24T14:33:52.445Z" }

[[package]]
name = "six"
version = "1.16.0"
source = { registry = "https://pypi.org/simple" }
sdist = { url = "https://files.pythonhosted.org/packages/71/39/171f1c67cd00715f190ba0b100d606d440a28c93c7714febeca8b79af85e/six-1.16.0.tar.gz", hash = "sha256:1e61c37477a1626458e36f7b1d82aa5c9b094fa4802892072e49de9c60c4c926", size = 34041, upload-time = "2021-05-05T14:18:18.379Z" }
wheels = [
    { url = "https://files.pythonhosted.org/packages/d9/5a/e7c31adbe875f2abbb91bd84cf2dc52d792b5a01506781dbcf25c91daf11/six-1.16.0-py2.py3-none-any.whl", hash = "sha256:8abb2f1d86890a2dfb989f9a77cfcfd3e47c2a354b01111771326f8aa26e0254", size = 11053, upload-time = "2021-05-05T14:18:17.237Z" },
]

[[package]]
name = "tzdata"
version = "2023.4"
source = { registry = "https://pypi.org/simple" }
sdist = { url = "https://files.pythonhosted.org/packages/4d/60/acd18ca928cc20eace3497b616b6adb8ce1abc810dd4b1a22bc6bdefac92/tzdata-2023.4.tar.gz", hash = "sha256:dd54c94f294765522c77399649b4fefd95522479a664a0cec87f41bebc6148c9", size = 191298, upload-time = "2023-12-29T15:52:43.367Z" }
wheels = [
    { url = "https://files.pythonhosted.org/packages/a3/fb/52b62131e21b24ee297e4e95ed41eba29647dad0e0051a92bb66b43c70ff/tzdata-2023.4-py2.py3-none-any.whl", hash = "sha256:aa3ace4329eeacda5b7beb7ea08ece826c28d761cda36e747cfbf97996d39bf3", size = 346564, upload-time = "2023-12-29T15:52:41.287Z" },
]

[[package]]
name = "tzlocal"
version = "5.2"
source = { registry = "https://pypi.org/simple" }
dependencies = [
    { name = "tzdata", marker = "sys_platform == 'win32'" },
]
sdist = { url = "https://files.pythonhosted.org/packages/04/d3/c19d65ae67636fe63953b20c2e4a8ced4497ea232c43ff8d01db16de8dc0/tzlocal-5.2.tar.gz", hash = "sha256:8d399205578f1a9342816409cc1e46a93ebd5755e39ea2d85334bea911bf0e6e", size = 30201, upload-time = "2023-10-22T17:41:38.449Z" }
wheels = [
    { url = "https://files.pythonhosted.org/packages/97/3f/c4c51c55ff8487f2e6d0e618dba917e3c3ee2caae6cf0fbb59c9b1876f2e/tzlocal-5.2-py3-none-any.whl", hash = "sha256:49816ef2fe65ea8ac19d19aa7a1ae0551c834303d5014c6d5a62e4cbda8047b8", size = 17859, upload-time = "2023-10-22T17:41:36.511Z" },
]

[[package]]
name = "urllib3"
version = "2.1.0"
source = { registry = "https://pypi.org/simple" }
sdist = { url = "https://files.pythonhosted.org/packages/36/dd/a6b232f449e1bc71802a5b7950dc3675d32c6dbc2a1bd6d71f065551adb6/urllib3-2.1.0.tar.gz", hash = "sha256:df7aa8afb0148fa78488e7899b2c59b5f4ffcfa82e6c54ccb9dd37c1d7b52d54", size = 263900, upload-time = "2023-11-13T12:29:45.049Z" }
wheels = [
    { url = "https://files.pythonhosted.org/packages/96/94/c31f58c7a7f470d5665935262ebd7455c7e4c7782eb525658d3dbf4b9403/urllib3-2.1.0-py3-none-any.whl", hash = "sha256:55901e917a5896a349ff771be919f8bd99aff50b79fe58fec595eb37bbc56bb3", size = 104579, upload-time = "2023-11-13T12:29:42.719Z" },
]
